
Microsoft Visual Studio Solution File, Format Version 12.00
# Visual Studio 15
VisualStudioVersion = 15.0.27004.2010
MinimumVisualStudioVersion = 10.0.40219.1
Project("{FAE04EC0-301F-11D3-BF4B-00C04F79EFBC}") = "joshuaSite", "joshuaSite\joshuaSite.csproj", "{591922D2-A751-4409-A256-F6E87E6F762D}"
EndProject
Global
	GlobalSection(SolutionConfigurationPlatforms) = preSolution
		Debug|Any CPU = Debug|Any CPU
		Release|Any CPU = Release|Any CPU
	EndGlobalSection
	GlobalSection(ProjectConfigurationPlatforms) = postSolution
		{591922D2-A751-4409-A256-F6E87E6F762D}.Debug|Any CPU.ActiveCfg = Debug|Any CPU
		{591922D2-A751-4409-A256-F6E87E6F762D}.Debug|Any CPU.Build.0 = Debug|Any CPU
		{591922D2-A751-4409-A256-F6E87E6F762D}.Release|Any CPU.ActiveCfg = Release|Any CPU
		{591922D2-A751-4409-A256-F6E87E6F762D}.Release|Any CPU.Build.0 = Release|Any CPU
	EndGlobalSection
	GlobalSection(SolutionProperties) = preSolution
		HideSolutionNode = FALSE
	EndGlobalSection
	GlobalSection(ExtensibilityGlobals) = postSolution
		SolutionGuid = {20905A8C-EB16-4E60-85FF-8366701039C9}
	EndGlobalSection
EndGlobal
